<?xml version="1.0" encoding="utf-8"?>
<Project ToolsVersion="4.0" xmlns="http://schemas.microsoft.com/developer/msbuild/2003">
  <ItemGroup>
    <Filter Include="源文件">
      <UniqueIdentifier>{4FC737F1-C7A5-4376-A066-2A32D752A2FF}</UniqueIdentifier>
      <Extensions>cpp;c;cc;cxx;def;odl;idl;hpj;bat;asm;asmx</Extensions>
    </Filter>
    <Filter Include="头文件">
      <UniqueIdentifier>{93995380-89BD-4b04-88EB-625FBE52EBFB}</UniqueIdentifier>
      <Extensions>h;hh;hpp;hxx;hm;inl;inc;xsd</Extensions>
    </Filter>
    <Filter Include="资源文件">
      <UniqueIdentifier>{67DA6AB6-F800-4c08-8B7A-83BB121AAD01}</UniqueIdentifier>
      <Extensions>rc;ico;cur;bmp;dlg;rc2;rct;bin;rgs;gif;jpg;jpeg;jpe;resx;tiff;tif;png;wav;mfcribbon-ms</Extensions>
    </Filter>
    <Filter Include="XML">
      <UniqueIdentifier>{c74beb91-3631-4380-b7e6-57ade06d68cd}</UniqueIdentifier>
    </Filter>
  </ItemGroup>
  <ItemGroup>
    <ClCompile Include="ChatMainWnd.cpp">
      <Filter>源文件</Filter>
    </ClCompile>
    <ClCompile Include="stdafx.cpp">
      <Filter>源文件</Filter>
    </ClCompile>
    <ClCompile Include="Main.cpp">
      <Filter>源文件</Filter>
    </ClCompile>
    <ClCompile Include="Common.h">
      <Filter>头文件</Filter>
    </ClCompile>
    <ClCompile Include="LoginWnd.cpp">
      <Filter>源文件</Filter>
    </ClCompile>
    <ClCompile Include="ClientBase.cpp">
      <Filter>源文件</Filter>
    </ClCompile>
    <ClCompile Include="Common.cpp">
      <Filter>源文件</Filter>
    </ClCompile>
    <ClCompile Include="Client.cpp">
      <Filter>源文件</Filter>
    </ClCompile>
    <ClCompile Include="ThreadPool.cpp">
      <Filter>源文件</Filter>
    </ClCompile>
    <ClCompile Include="Task.cpp">
      <Filter>源文件</Filter>
    </ClCompile>
    <ClCompile Include="AddFriendWnd.cpp">
      <Filter>源文件</Filter>
    </ClCompile>
  </ItemGroup>
  <ItemGroup>
    <ClInclude Include="ChatMainWnd.h">
      <Filter>头文件</Filter>
    </ClInclude>
    <ClInclude Include="stdafx.h">
      <Filter>头文件</Filter>
    </ClInclude>
    <ClInclude Include="LoginWnd.h">
      <Filter>头文件</Filter>
    </ClInclude>
    <ClInclude Include="ClientBase.h">
      <Filter>头文件</Filter>
    </ClInclude>
    <ClInclude Include="Client.h">
      <Filter>头文件</Filter>
    </ClInclude>
    <ClInclude Include="ThreadPool.h">
      <Filter>头文件</Filter>
    </ClInclude>
    <ClInclude Include="Task.h">
      <Filter>头文件</Filter>
    </ClInclude>
    <ClInclude Include="Protocol.h">
      <Filter>头文件</Filter>
    </ClInclude>
    <ClInclude Include="AddFriendWnd.h">
      <Filter>头文件</Filter>
    </ClInclude>
  </ItemGroup>
  <ItemGroup>
    <Xml Include="..\Bin\Skin\ChatMain.xml">
      <Filter>XML</Filter>
    </Xml>
    <Xml Include="..\Bin\Skin\SessionItem.xml">
      <Filter>XML</Filter>
    </Xml>
    <Xml Include="..\Bin\Skin\FriendChatIten.xml">
      <Filter>XML</Filter>
    </Xml>
    <Xml Include="..\Bin\Skin\MyselfChatItem.xml">
      <Filter>XML</Filter>
    </Xml>
    <Xml Include="..\Bin\Skin\LoginWnd.xml">
      <Filter>XML</Filter>
    </Xml>
    <Xml Include="..\Bin\Skin\FriendItem.xml">
      <Filter>XML</Filter>
    </Xml>
    <Xml Include="..\Bin\Skin\AddFriendWnd.xml">
      <Filter>XML</Filter>
    </Xml>
    <Xml Include="..\Bin\Skin\NewFriendItem.xml">
      <Filter>XML</Filter>
    </Xml>
    <Xml Include="..\Bin\Skin\NewFriend.xml">
      <Filter>XML</Filter>
    </Xml>
    <Xml Include="..\Bin\Skin\FriendDetail.xml">
      <Filter>XML</Filter>
    </Xml>
    <Xml Include="..\Bin\Skin\ChatMsgList.xml">
      <Filter>XML</Filter>
    </Xml>
  </ItemGroup>
</Project>